
Microsoft Visual Studio Solution File, Format Version 12.00
# Visual Studio 15
VisualStudioVersion = 15.0.28307.1062
MinimumVisualStudioVersion = 10.0.40219.1
Project("{FAE04EC0-301F-11D3-BF4B-00C04F79EFBC}") = "App1.Android", "App1\App1.Android\App1.Android.csproj", "{B54A4828-3B70-4E63-9733-3ACDAB5B4D82}"
EndProject
Project("{FAE04EC0-301F-11D3-BF4B-00C04F79EFBC}") = "App1.iOS", "App1\App1.iOS\App1.iOS.csproj", "{F05DE415-CF5C-46EC-B809-F9C5FE6728A8}"
EndProject
Project("{FAE04EC0-301F-11D3-BF4B-00C04F79EFBC}") = "App1.UWP", "App1\App1.UWP\App1.UWP.csproj", "{D1150A11-140F-4BCD-9944-F266AEC36A76}"
EndProject
Project("{FAE04EC0-301F-11D3-BF4B-00C04F79EFBC}") = "App1", "App1\App1\App1.csproj", "{D0E08B6E-E9BE-4157-90EF-02896B9E92E6}"
EndProject
Global
	GlobalSection(SolutionConfigurationPlatforms) = preSolution
		Ad-Hoc|Any CPU = Ad-Hoc|Any CPU
		Ad-Hoc|ARM = Ad-Hoc|ARM
		Ad-Hoc|iPhone = Ad-Hoc|iPhone
		Ad-Hoc|iPhoneSimulator = Ad-Hoc|iPhoneSimulator
		Ad-Hoc|x64 = Ad-Hoc|x64
		Ad-Hoc|x86 = Ad-Hoc|x86
		AppStore|Any CPU = AppStore|Any CPU
		AppStore|ARM = AppStore|ARM
		AppStore|iPhone = AppStore|iPhone
		AppStore|iPhoneSimulator = AppStore|iPhoneSimulator
		AppStore|x64 = AppStore|x64
		AppStore|x86 = AppStore|x86
		Debug|Any CPU = Debug|Any CPU
		Debug|ARM = Debug|ARM
		Debug|iPhone = Debug|iPhone
		Debug|iPhoneSimulator = Debug|iPhoneSimulator
		Debug|x64 = Debug|x64
		Debug|x86 = Debug|x86
		Release|Any CPU = Release|Any CPU
		Release|ARM = Release|ARM
		Release|iPhone = Release|iPhone
		Release|iPhoneSimulator = Release|iPhoneSimulator
		Release|x64 = Release|x64
		Release|x86 = Release|x86
	EndGlobalSection
	GlobalSection(ProjectConfigurationPlatforms) = postSolution
		{B54A4828-3B70-4E63-9733-3ACDAB5B4D82}.Ad-Hoc|Any CPU.ActiveCfg = Release|Any CPU
		{B54A4828-3B70-4E63-9733-3ACDAB5B4D82}.Ad-Hoc|Any CPU.Build.0 = Release|Any CPU
		{B54A4828-3B70-4E63-9733-3ACDAB5B4D82}.Ad-Hoc|Any CPU.Deploy.0 = Release|Any CPU
		{B54A4828-3B70-4E63-9733-3ACDAB5B4D82}.Ad-Hoc|ARM.ActiveCfg = Release|Any CPU
		{B54A4828-3B70-4E63-9733-3ACDAB5B4D82}.Ad-Hoc|ARM.Build.0 = Release|Any CPU
		{B54A4828-3B70-4E63-9733-3ACDAB5B4D82}.Ad-Hoc|ARM.Deploy.0 = Release|Any CPU
		{B54A4828-3B70-4E63-9733-3ACDAB5B4D82}.Ad-Hoc|iPhone.ActiveCfg = Release|Any CPU
		{B54A4828-3B70-4E63-9733-3ACDAB5B4D82}.Ad-Hoc|iPhone.Build.0 = Release|Any CPU
		{B54A4828-3B70-4E63-9733-3ACDAB5B4D82}.Ad-Hoc|iPhone.Deploy.0 = Release|Any CPU
		{B54A4828-3B70-4E63-9733-3ACDAB5B4D82}.Ad-Hoc|iPhoneSimulator.ActiveCfg = Release|Any CPU
		{B54A4828-3B70-4E63-9733-3ACDAB5B4D82}.Ad-Hoc|iPhoneSimulator.Build.0 = Release|Any CPU
		{B54A4828-3B70-4E63-9733-3ACDAB5B4D82}.Ad-Hoc|iPhoneSimulator.Deploy.0 = Release|Any CPU
		{B54A4828-3B70-4E63-9733-3ACDAB5B4D82}.Ad-Hoc|x64.ActiveCfg = Release|Any CPU
		{B54A4828-3B70-4E63-9733-3ACDAB5B4D82}.Ad-Hoc|x64.Build.0 = Release|Any CPU
		{B54A4828-3B70-4E63-9733-3ACDAB5B4D82}.Ad-Hoc|x64.Deploy.0 = Release|Any CPU
		{B54A4828-3B70-4E63-9733-3ACDAB5B4D82}.Ad-Hoc|x86.ActiveCfg = Release|Any CPU
		{B54A4828-3B70-4E63-9733-3ACDAB5B4D82}.Ad-Hoc|x86.Build.0 = Release|Any CPU
		{B54A4828-3B70-4E63-9733-3ACDAB5B4D82}.Ad-Hoc|x86.Deploy.0 = Release|Any CPU
		{B54A4828-3B70-4E63-9733-3ACDAB5B4D82}.AppStore|Any CPU.ActiveCfg = Release|Any CPU
		{B54A4828-3B70-4E63-9733-3ACDAB5B4D82}.AppStore|Any CPU.Build.0 = Release|Any CPU
		{B54A4828-3B70-4E63-9733-3ACDAB5B4D82}.AppStore|Any CPU.Deploy.0 = Release|Any CPU
		{B54A4828-3B70-4E63-9733-3ACDAB5B4D82}.AppStore|ARM.ActiveCfg = Release|Any CPU
		{B54A4828-3B70-4E63-9733-3ACDAB5B4D82}.AppStore|ARM.Build.0 = Release|Any CPU
		{B54A4828-3B70-4E63-9733-3ACDAB5B4D82}.AppStore|ARM.Deploy.0 = Release|Any CPU
		{B54A4828-3B70-4E63-9733-3ACDAB5B4D82}.AppStore|iPhone.ActiveCfg = Release|Any CPU
		{B54A4828-3B70-4E63-9733-3ACDAB5B4D82}.AppStore|iPhone.Build.0 = Release|Any CPU
		{B54A4828-3B70-4E63-9733-3ACDAB5B4D82}.AppStore|iPhone.Deploy.0 = Release|Any CPU
		{B54A4828-3B70-4E63-9733-3ACDAB5B4D82}.AppStore|iPhoneSimulator.ActiveCfg = Release|Any CPU
		{B54A4828-3B70-4E63-9733-3ACDAB5B4D82}.AppStore|iPhoneSimulator.Build.0 = Release|Any CPU
		{B54A4828-3B70-4E63-9733-3ACDAB5B4D82}.AppStore|iPhoneSimulator.Deploy.0 = Release|Any CPU
		{B54A4828-3B70-4E63-9733-3ACDAB5B4D82}.AppStore|x64.ActiveCfg = Release|Any CPU
		{B54A4828-3B70-4E63-9733-3ACDAB5B4D82}.AppStore|x64.Build.0 = Release|Any CPU
		{B54A4828-3B70-4E63-9733-3ACDAB5B4D82}.AppStore|x64.Deploy.0 = Release|Any CPU
		{B54A4828-3B70-4E63-9733-3ACDAB5B4D82}.AppStore|x86.ActiveCfg = Release|Any CPU
		{B54A4828-3B70-4E63-9733-3ACDAB5B4D82}.AppStore|x86.Build.0 = Release|Any CPU
		{B54A4828-3B70-4E63-9733-3ACDAB5B4D82}.AppStore|x86.Deploy.0 = Release|Any CPU
		{B54A4828-3B70-4E63-9733-3ACDAB5B4D82}.Debug|Any CPU.ActiveCfg = Debug|Any CPU
		{B54A4828-3B70-4E63-9733-3ACDAB5B4D82}.Debug|Any CPU.Build.0 = Debug|Any CPU
		{B54A4828-3B70-4E63-9733-3ACDAB5B4D82}.Debug|Any CPU.Deploy.0 = Debug|Any CPU
		{B54A4828-3B70-4E63-9733-3ACDAB5B4D82}.Debug|ARM.ActiveCfg = Debug|Any CPU
		{B54A4828-3B70-4E63-9733-3ACDAB5B4D82}.Debug|ARM.Build.0 = Debug|Any CPU
		{B54A4828-3B70-4E63-9733-3ACDAB5B4D82}.Debug|ARM.Deploy.0 = Debug|Any CPU
		{B54A4828-3B70-4E63-9733-3ACDAB5B4D82}.Debug|iPhone.ActiveCfg = Debug|Any CPU
		{B54A4828-3B70-4E63-9733-3ACDAB5B4D82}.Debug|iPhone.Build.0 = Debug|Any CPU
		{B54A4828-3B70-4E63-9733-3ACDAB5B4D82}.Debug|iPhone.Deploy.0 = Debug|Any CPU
		{B54A4828-3B70-4E63-9733-3ACDAB5B4D82}.Debug|iPhoneSimulator.ActiveCfg = Debug|Any CPU
		{B54A4828-3B70-4E63-9733-3ACDAB5B4D82}.Debug|iPhoneSimulator.Build.0 = Debug|Any CPU
		{B54A4828-3B70-4E63-9733-3ACDAB5B4D82}.Debug|iPhoneSimulator.Deploy.0 = Debug|Any CPU
		{B54A4828-3B70-4E63-9733-3ACDAB5B4D82}.Debug|x64.ActiveCfg = Debug|Any CPU
		{B54A4828-3B70-4E63-9733-3ACDAB5B4D82}.Debug|x64.Build.0 = Debug|Any CPU
		{B54A4828-3B70-4E63-9733-3ACDAB5B4D82}.Debug|x64.Deploy.0 = Debug|Any CPU
		{B54A4828-3B70-4E63-9733-3ACDAB5B4D82}.Debug|x86.ActiveCfg = Debug|Any CPU
		{B54A4828-3B70-4E63-9733-3ACDAB5B4D82}.Debug|x86.Build.0 = Debug|Any CPU
		{B54A4828-3B70-4E63-9733-3ACDAB5B4D82}.Debug|x86.Deploy.0 = Debug|Any CPU
		{B54A4828-3B70-4E63-9733-3ACDAB5B4D82}.Release|Any CPU.ActiveCfg = Release|Any CPU
		{B54A4828-3B70-4E63-9733-3ACDAB5B4D82}.Release|Any CPU.Build.0 = Release|Any CPU
		{B54A4828-3B70-4E63-9733-3ACDAB5B4D82}.Release|Any CPU.Deploy.0 = Release|Any CPU
		{B54A4828-3B70-4E63-9733-3ACDAB5B4D82}.Release|ARM.ActiveCfg = Release|Any CPU
		{B54A4828-3B70-4E63-9733-3ACDAB5B4D82}.Release|ARM.Build.0 = Release|Any CPU
		{B54A4828-3B70-4E63-9733-3ACDAB5B4D82}.Release|ARM.Deploy.0 = Release|Any CPU
		{B54A4828-3B70-4E63-9733-3ACDAB5B4D82}.Release|iPhone.ActiveCfg = Release|Any CPU
		{B54A4828-3B70-4E63-9733-3ACDAB5B4D82}.Release|iPhone.Build.0 = Release|Any CPU
		{B54A4828-3B70-4E63-9733-3ACDAB5B4D82}.Release|iPhone.Deploy.0 = Release|Any CPU
		{B54A4828-3B70-4E63-9733-3ACDAB5B4D82}.Release|iPhoneSimulator.ActiveCfg = Release|Any CPU
		{B54A4828-3B70-4E63-9733-3ACDAB5B4D82}.Release|iPhoneSimulator.Build.0 = Release|Any CPU
		{B54A4828-3B70-4E63-9733-3ACDAB5B4D82}.Release|iPhoneSimulator.Deploy.0 = Release|Any CPU
		{B54A4828-3B70-4E63-9733-3ACDAB5B4D82}.Release|x64.ActiveCfg = Release|Any CPU
		{B54A4828-3B70-4E63-9733-3ACDAB5B4D82}.Release|x64.Build.0 = Release|Any CPU
		{B54A4828-3B70-4E63-9733-3ACDAB5B4D82}.Release|x64.Deploy.0 = Release|Any CPU
		{B54A4828-3B70-4E63-9733-3ACDAB5B4D82}.Release|x86.ActiveCfg = Release|Any CPU
		{B54A4828-3B70-4E63-9733-3ACDAB5B4D82}.Release|x86.Build.0 = Release|Any CPU
		{B54A4828-3B70-4E63-9733-3ACDAB5B4D82}.Release|x86.Deploy.0 = Release|Any CPU
		{F05DE415-CF5C-46EC-B809-F9C5FE6728A8}.Ad-Hoc|Any CPU.ActiveCfg = Ad-Hoc|iPhone
		{F05DE415-CF5C-46EC-B809-F9C5FE6728A8}.Ad-Hoc|Any CPU.Build.0 = Ad-Hoc|iPhone
		{F05DE415-CF5C-46EC-B809-F9C5FE6728A8}.Ad-Hoc|Any CPU.Deploy.0 = Ad-Hoc|iPhone
		{F05DE415-CF5C-46EC-B809-F9C5FE6728A8}.Ad-Hoc|ARM.ActiveCfg = Ad-Hoc|iPhone
		{F05DE415-CF5C-46EC-B809-F9C5FE6728A8}.Ad-Hoc|ARM.Build.0 = Ad-Hoc|iPhone
		{F05DE415-CF5C-46EC-B809-F9C5FE6728A8}.Ad-Hoc|ARM.Deploy.0 = Ad-Hoc|iPhone
		{F05DE415-CF5C-46EC-B809-F9C5FE6728A8}.Ad-Hoc|iPhone.ActiveCfg = Ad-Hoc|iPhone
		{F05DE415-CF5C-46EC-B809-F9C5FE6728A8}.Ad-Hoc|iPhone.Build.0 = Ad-Hoc|iPhone
		{F05DE415-CF5C-46EC-B809-F9C5FE6728A8}.Ad-Hoc|iPhone.Deploy.0 = Ad-Hoc|iPhone
		{F05DE415-CF5C-46EC-B809-F9C5FE6728A8}.Ad-Hoc|iPhoneSimulator.ActiveCfg = Ad-Hoc|iPhoneSimulator
		{F05DE415-CF5C-46EC-B809-F9C5FE6728A8}.Ad-Hoc|iPhoneSimulator.Build.0 = Ad-Hoc|iPhoneSimulator
		{F05DE415-CF5C-46EC-B809-F9C5FE6728A8}.Ad-Hoc|iPhoneSimulator.Deploy.0 = Ad-Hoc|iPhoneSimulator
		{F05DE415-CF5C-46EC-B809-F9C5FE6728A8}.Ad-Hoc|x64.ActiveCfg = Ad-Hoc|iPhone
		{F05DE415-CF5C-46EC-B809-F9C5FE6728A8}.Ad-Hoc|x64.Build.0 = Ad-Hoc|iPhone
		{F05DE415-CF5C-46EC-B809-F9C5FE6728A8}.Ad-Hoc|x64.Deploy.0 = Ad-Hoc|iPhone
		{F05DE415-CF5C-46EC-B809-F9C5FE6728A8}.Ad-Hoc|x86.ActiveCfg = Ad-Hoc|iPhone
		{F05DE415-CF5C-46EC-B809-F9C5FE6728A8}.Ad-Hoc|x86.Build.0 = Ad-Hoc|iPhone
		{F05DE415-CF5C-46EC-B809-F9C5FE6728A8}.Ad-Hoc|x86.Deploy.0 = Ad-Hoc|iPhone
		{F05DE415-CF5C-46EC-B809-F9C5FE6728A8}.AppStore|Any CPU.ActiveCfg = AppStore|iPhone
		{F05DE415-CF5C-46EC-B809-F9C5FE6728A8}.AppStore|Any CPU.Build.0 = AppStore|iPhone
		{F05DE415-CF5C-46EC-B809-F9C5FE6728A8}.AppStore|Any CPU.Deploy.0 = AppStore|iPhone
		{F05DE415-CF5C-46EC-B809-F9C5FE6728A8}.AppStore|ARM.ActiveCfg = AppStore|iPhone
		{F05DE415-CF5C-46EC-B809-F9C5FE6728A8}.AppStore|ARM.Build.0 = AppStore|iPhone
		{F05DE415-CF5C-46EC-B809-F9C5FE6728A8}.AppStore|ARM.Deploy.0 = AppStore|iPhone
		{F05DE415-CF5C-46EC-B809-F9C5FE6728A8}.AppStore|iPhone.ActiveCfg = AppStore|iPhone
		{F05DE415-CF5C-46EC-B809-F9C5FE6728A8}.AppStore|iPhone.Build.0 = AppStore|iPhone
		{F05DE415-CF5C-46EC-B809-F9C5FE6728A8}.AppStore|iPhone.Deploy.0 = AppStore|iPhone
		{F05DE415-CF5C-46EC-B809-F9C5FE6728A8}.AppStore|iPhoneSimulator.ActiveCfg = AppStore|iPhoneSimulator
		{F05DE415-CF5C-46EC-B809-F9C5FE6728A8}.AppStore|iPhoneSimulator.Build.0 = AppStore|iPhoneSimulator
		{F05DE415-CF5C-46EC-B809-F9C5FE6728A8}.AppStore|iPhoneSimulator.Deploy.0 = AppStore|iPhoneSimulator
		{F05DE415-CF5C-46EC-B809-F9C5FE6728A8}.AppStore|x64.ActiveCfg = AppStore|iPhone
		{F05DE415-CF5C-46EC-B809-F9C5FE6728A8}.AppStore|x64.Build.0 = AppStore|iPhone
		{F05DE415-CF5C-46EC-B809-F9C5FE6728A8}.AppStore|x64.Deploy.0 = AppStore|iPhone
		{F05DE415-CF5C-46EC-B809-F9C5FE6728A8}.AppStore|x86.ActiveCfg = AppStore|iPhone
		{F05DE415-CF5C-46EC-B809-F9C5FE6728A8}.AppStore|x86.Build.0 = AppStore|iPhone
		{F05DE415-CF5C-46EC-B809-F9C5FE6728A8}.AppStore|x86.Deploy.0 = AppStore|iPhone
		{F05DE415-CF5C-46EC-B809-F9C5FE6728A8}.Debug|Any CPU.ActiveCfg = Debug|iPhoneSimulator
		{F05DE415-CF5C-46EC-B809-F9C5FE6728A8}.Debug|Any CPU.Build.0 = Debug|iPhoneSimulator
		{F05DE415-CF5C-46EC-B809-F9C5FE6728A8}.Debug|Any CPU.Deploy.0 = Debug|iPhoneSimulator
		{F05DE415-CF5C-46EC-B809-F9C5FE6728A8}.Debug|ARM.ActiveCfg = Debug|iPhone
		{F05DE415-CF5C-46EC-B809-F9C5FE6728A8}.Debug|ARM.Build.0 = Debug|iPhone
		{F05DE415-CF5C-46EC-B809-F9C5FE6728A8}.Debug|ARM.Deploy.0 = Debug|iPhone
		{F05DE415-CF5C-46EC-B809-F9C5FE6728A8}.Debug|iPhone.ActiveCfg = Debug|iPhone
		{F05DE415-CF5C-46EC-B809-F9C5FE6728A8}.Debug|iPhone.Build.0 = Debug|iPhone
		{F05DE415-CF5C-46EC-B809-F9C5FE6728A8}.Debug|iPhone.Deploy.0 = Debug|iPhone
		{F05DE415-CF5C-46EC-B809-F9C5FE6728A8}.Debug|iPhoneSimulator.ActiveCfg = Debug|iPhoneSimulator
		{F05DE415-CF5C-46EC-B809-F9C5FE6728A8}.Debug|iPhoneSimulator.Build.0 = Debug|iPhoneSimulator
		{F05DE415-CF5C-46EC-B809-F9C5FE6728A8}.Debug|iPhoneSimulator.Deploy.0 = Debug|iPhoneSimulator
		{F05DE415-CF5C-46EC-B809-F9C5FE6728A8}.Debug|x64.ActiveCfg = Debug|iPhone
		{F05DE415-CF5C-46EC-B809-F9C5FE6728A8}.Debug|x64.Build.0 = Debug|iPhone
		{F05DE415-CF5C-46EC-B809-F9C5FE6728A8}.Debug|x64.Deploy.0 = Debug|iPhone
		{F05DE415-CF5C-46EC-B809-F9C5FE6728A8}.Debug|x86.ActiveCfg = Debug|iPhone
		{F05DE415-CF5C-46EC-B809-F9C5FE6728A8}.Debug|x86.Build.0 = Debug|iPhone
		{F05DE415-CF5C-46EC-B809-F9C5FE6728A8}.Debug|x86.Deploy.0 = Debug|iPhone
		{F05DE415-CF5C-46EC-B809-F9C5FE6728A8}.Release|Any CPU.ActiveCfg = Release|iPhone
		{F05DE415-CF5C-46EC-B809-F9C5FE6728A8}.Release|Any CPU.Build.0 = Release|iPhone
		{F05DE415-CF5C-46EC-B809-F9C5FE6728A8}.Release|Any CPU.Deploy.0 = Release|iPhone
		{F05DE415-CF5C-46EC-B809-F9C5FE6728A8}.Release|ARM.ActiveCfg = Release|iPhone
		{F05DE415-CF5C-46EC-B809-F9C5FE6728A8}.Release|ARM.Build.0 = Release|iPhone
		{F05DE415-CF5C-46EC-B809-F9C5FE6728A8}.Release|ARM.Deploy.0 = Release|iPhone
		{F05DE415-CF5C-46EC-B809-F9C5FE6728A8}.Release|iPhone.ActiveCfg = Release|iPhone
		{F05DE415-CF5C-46EC-B809-F9C5FE6728A8}.Release|iPhone.Build.0 = Release|iPhone
		{F05DE415-CF5C-46EC-B809-F9C5FE6728A8}.Release|iPhone.Deploy.0 = Release|iPhone
		{F05DE415-CF5C-46EC-B809-F9C5FE6728A8}.Release|iPhoneSimulator.ActiveCfg = Release|iPhoneSimulator
		{F05DE415-CF5C-46EC-B809-F9C5FE6728A8}.Release|iPhoneSimulator.Build.0 = Release|iPhoneSimulator
		{F05DE415-CF5C-46EC-B809-F9C5FE6728A8}.Release|iPhoneSimulator.Deploy.0 = Release|iPhoneSimulator
		{F05DE415-CF5C-46EC-B809-F9C5FE6728A8}.Release|x64.ActiveCfg = Release|iPhone
		{F05DE415-CF5C-46EC-B809-F9C5FE6728A8}.Release|x64.Build.0 = Release|iPhone
		{F05DE415-CF5C-46EC-B809-F9C5FE6728A8}.Release|x64.Deploy.0 = Release|iPhone
		{F05DE415-CF5C-46EC-B809-F9C5FE6728A8}.Release|x86.ActiveCfg = Release|iPhone
		{F05DE415-CF5C-46EC-B809-F9C5FE6728A8}.Release|x86.Build.0 = Release|iPhone
		{F05DE415-CF5C-46EC-B809-F9C5FE6728A8}.Release|x86.Deploy.0 = Release|iPhone
		{D1150A11-140F-4BCD-9944-F266AEC36A76}.Ad-Hoc|Any CPU.ActiveCfg = Release|x86
		{D1150A11-140F-4BCD-9944-F266AEC36A76}.Ad-Hoc|Any CPU.Build.0 = Release|x86
		{D1150A11-140F-4BCD-9944-F266AEC36A76}.Ad-Hoc|Any CPU.Deploy.0 = Release|x86
		{D1150A11-140F-4BCD-9944-F266AEC36A76}.Ad-Hoc|ARM.ActiveCfg = Release|ARM
		{D1150A11-140F-4BCD-9944-F266AEC36A76}.Ad-Hoc|ARM.Build.0 = Release|ARM
		{D1150A11-140F-4BCD-9944-F266AEC36A76}.Ad-Hoc|ARM.Deploy.0 = Release|ARM
		{D1150A11-140F-4BCD-9944-F266AEC36A76}.Ad-Hoc|iPhone.ActiveCfg = Release|x86
		{D1150A11-140F-4BCD-9944-F266AEC36A76}.Ad-Hoc|iPhone.Build.0 = Release|x86
		{D1150A11-140F-4BCD-9944-F266AEC36A76}.Ad-Hoc|iPhone.Deploy.0 = Release|x86
		{D1150A11-140F-4BCD-9944-F266AEC36A76}.Ad-Hoc|iPhoneSimulator.ActiveCfg = Release|x86
		{D1150A11-140F-4BCD-9944-F266AEC36A76}.Ad-Hoc|iPhoneSimulator.Build.0 = Release|x86
		{D1150A11-140F-4BCD-9944-F266AEC36A76}.Ad-Hoc|iPhoneSimulator.Deploy.0 = Release|x86
		{D1150A11-140F-4BCD-9944-F266AEC36A76}.Ad-Hoc|x64.ActiveCfg = Release|x64
		{D1150A11-140F-4BCD-9944-F266AEC36A76}.Ad-Hoc|x64.Build.0 = Release|x64
		{D1150A11-140F-4BCD-9944-F266AEC36A76}.Ad-Hoc|x64.Deploy.0 = Release|x64
		{D1150A11-140F-4BCD-9944-F266AEC36A76}.Ad-Hoc|x86.ActiveCfg = Release|x86
		{D1150A11-140F-4BCD-9944-F266AEC36A76}.Ad-Hoc|x86.Build.0 = Release|x86
		{D1150A11-140F-4BCD-9944-F266AEC36A76}.Ad-Hoc|x86.Deploy.0 = Release|x86
		{D1150A11-140F-4BCD-9944-F266AEC36A76}.AppStore|Any CPU.ActiveCfg = Release|x86
		{D1150A11-140F-4BCD-9944-F266AEC36A76}.AppStore|Any CPU.Build.0 = Release|x86
		{D1150A11-140F-4BCD-9944-F266AEC36A76}.AppStore|Any CPU.Deploy.0 = Release|x86
		{D1150A11-140F-4BCD-9944-F266AEC36A76}.AppStore|ARM.ActiveCfg = Release|ARM
		{D1150A11-140F-4BCD-9944-F266AEC36A76}.AppStore|ARM.Build.0 = Release|ARM
		{D1150A11-140F-4BCD-9944-F266AEC36A76}.AppStore|ARM.Deploy.0 = Release|ARM
		{D1150A11-140F-4BCD-9944-F266AEC36A76}.AppStore|iPhone.ActiveCfg = Release|x86
		{D1150A11-140F-4BCD-9944-F266AEC36A76}.AppStore|iPhone.Build.0 = Release|x86
		{D1150A11-140F-4BCD-9944-F266AEC36A76}.AppStore|iPhone.Deploy.0 = Release|x86
		{D1150A11-140F-4BCD-9944-F266AEC36A76}.AppStore|iPhoneSimulator.ActiveCfg = Release|x86
		{D1150A11-140F-4BCD-9944-F266AEC36A76}.AppStore|iPhoneSimulator.Build.0 = Release|x86
		{D1150A11-140F-4BCD-9944-F266AEC36A76}.AppStore|iPhoneSimulator.Deploy.0 = Release|x86
		{D1150A11-140F-4BCD-9944-F266AEC36A76}.AppStore|x64.ActiveCfg = Release|x64
		{D1150A11-140F-4BCD-9944-F266AEC36A76}.AppStore|x64.Build.0 = Release|x64
		{D1150A11-140F-4BCD-9944-F266AEC36A76}.AppStore|x64.Deploy.0 = Release|x64
		{D1150A11-140F-4BCD-9944-F266AEC36A76}.AppStore|x86.ActiveCfg = Release|x86
		{D1150A11-140F-4BCD-9944-F266AEC36A76}.AppStore|x86.Build.0 = Release|x86
		{D1150A11-140F-4BCD-9944-F266AEC36A76}.AppStore|x86.Deploy.0 = Release|x86
		{D1150A11-140F-4BCD-9944-F266AEC36A76}.Debug|Any CPU.ActiveCfg = Debug|x86
		{D1150A11-140F-4BCD-9944-F266AEC36A76}.Debug|Any CPU.Build.0 = Debug|x86
		{D1150A11-140F-4BCD-9944-F266AEC36A76}.Debug|Any CPU.Deploy.0 = Debug|x86
		{D1150A11-140F-4BCD-9944-F266AEC36A76}.Debug|ARM.ActiveCfg = Debug|ARM
		{D1150A11-140F-4BCD-9944-F266AEC36A76}.Debug|ARM.Build.0 = Debug|ARM
		{D1150A11-140F-4BCD-9944-F266AEC36A76}.Debug|ARM.Deploy.0 = Debug|ARM
		{D1150A11-140F-4BCD-9944-F266AEC36A76}.Debug|iPhone.ActiveCfg = Debug|x86
		{D1150A11-140F-4BCD-9944-F266AEC36A76}.Debug|iPhone.Build.0 = Debug|x86
		{D1150A11-140F-4BCD-9944-F266AEC36A76}.Debug|iPhone.Deploy.0 = Debug|x86
		{D1150A11-140F-4BCD-9944-F266AEC36A76}.Debug|iPhoneSimulator.ActiveCfg = Debug|x86
		{D1150A11-140F-4BCD-9944-F266AEC36A76}.Debug|iPhoneSimulator.Build.0 = Debug|x86
		{D1150A11-140F-4BCD-9944-F266AEC36A76}.Debug|iPhoneSimulator.Deploy.0 = Debug|x86
		{D1150A11-140F-4BCD-9944-F266AEC36A76}.Debug|x64.ActiveCfg = Debug|x64
		{D1150A11-140F-4BCD-9944-F266AEC36A76}.Debug|x64.Build.0 = Debug|x64
		{D1150A11-140F-4BCD-9944-F266AEC36A76}.Debug|x64.Deploy.0 = Debug|x64
		{D1150A11-140F-4BCD-9944-F266AEC36A76}.Debug|x86.ActiveCfg = Debug|x86
		{D1150A11-140F-4BCD-9944-F266AEC36A76}.Debug|x86.Build.0 = Debug|x86
		{D1150A11-140F-4BCD-9944-F266AEC36A76}.Debug|x86.Deploy.0 = Debug|x86
		{D1150A11-140F-4BCD-9944-F266AEC36A76}.Release|Any CPU.ActiveCfg = Release|x86
		{D1150A11-140F-4BCD-9944-F266AEC36A76}.Release|Any CPU.Build.0 = Release|x86
		{D1150A11-140F-4BCD-9944-F266AEC36A76}.Release|Any CPU.Deploy.0 = Release|x86
		{D1150A11-140F-4BCD-9944-F266AEC36A76}.Release|ARM.ActiveCfg = Release|ARM
		{D1150A11-140F-4BCD-9944-F266AEC36A76}.Release|ARM.Build.0 = Release|ARM
		{D1150A11-140F-4BCD-9944-F266AEC36A76}.Release|ARM.Deploy.0 = Release|ARM
		{D1150A11-140F-4BCD-9944-F266AEC36A76}.Release|iPhone.ActiveCfg = Release|x86
		{D1150A11-140F-4BCD-9944-F266AEC36A76}.Release|iPhone.Build.0 = Release|x86
		{D1150A11-140F-4BCD-9944-F266AEC36A76}.Release|iPhone.Deploy.0 = Release|x86
		{D1150A11-140F-4BCD-9944-F266AEC36A76}.Release|iPhoneSimulator.ActiveCfg = Release|x86
		{D1150A11-140F-4BCD-9944-F266AEC36A76}.Release|iPhoneSimulator.Build.0 = Release|x86
		{D1150A11-140F-4BCD-9944-F266AEC36A76}.Release|iPhoneSimulator.Deploy.0 = Release|x86
		{D1150A11-140F-4BCD-9944-F266AEC36A76}.Release|x64.ActiveCfg = Release|x64
		{D1150A11-140F-4BCD-9944-F266AEC36A76}.Release|x64.Build.0 = Release|x64
		{D1150A11-140F-4BCD-9944-F266AEC36A76}.Release|x64.Deploy.0 = Release|x64
		{D1150A11-140F-4BCD-9944-F266AEC36A76}.Release|x86.ActiveCfg = Release|x86
		{D1150A11-140F-4BCD-9944-F266AEC36A76}.Release|x86.Build.0 = Release|x86
		{D1150A11-140F-4BCD-9944-F266AEC36A76}.Release|x86.Deploy.0 = Release|x86
		{D0E08B6E-E9BE-4157-90EF-02896B9E92E6}.Ad-Hoc|Any CPU.ActiveCfg = Debug|Any CPU
		{D0E08B6E-E9BE-4157-90EF-02896B9E92E6}.Ad-Hoc|Any CPU.Build.0 = Debug|Any CPU
		{D0E08B6E-E9BE-4157-90EF-02896B9E92E6}.Ad-Hoc|Any CPU.Deploy.0 = Debug|Any CPU
		{D0E08B6E-E9BE-4157-90EF-02896B9E92E6}.Ad-Hoc|ARM.ActiveCfg = Debug|Any CPU
		{D0E08B6E-E9BE-4157-90EF-02896B9E92E6}.Ad-Hoc|ARM.Build.0 = Debug|Any CPU
		{D0E08B6E-E9BE-4157-90EF-02896B9E92E6}.Ad-Hoc|ARM.Deploy.0 = Debug|Any CPU
		{D0E08B6E-E9BE-4157-90EF-02896B9E92E6}.Ad-Hoc|iPhone.ActiveCfg = Debug|Any CPU
		{D0E08B6E-E9BE-4157-90EF-02896B9E92E6}.Ad-Hoc|iPhone.Build.0 = Debug|Any CPU
		{D0E08B6E-E9BE-4157-90EF-02896B9E92E6}.Ad-Hoc|iPhone.Deploy.0 = Debug|Any CPU
		{D0E08B6E-E9BE-4157-90EF-02896B9E92E6}.Ad-Hoc|iPhoneSimulator.ActiveCfg = Debug|Any CPU
		{D0E08B6E-E9BE-4157-90EF-02896B9E92E6}.Ad-Hoc|iPhoneSimulator.Build.0 = Debug|Any CPU
		{D0E08B6E-E9BE-4157-90EF-02896B9E92E6}.Ad-Hoc|iPhoneSimulator.Deploy.0 = Debug|Any CPU
		{D0E08B6E-E9BE-4157-90EF-02896B9E92E6}.Ad-Hoc|x64.ActiveCfg = Debug|Any CPU
		{D0E08B6E-E9BE-4157-90EF-02896B9E92E6}.Ad-Hoc|x64.Build.0 = Debug|Any CPU
		{D0E08B6E-E9BE-4157-90EF-02896B9E92E6}.Ad-Hoc|x64.Deploy.0 = Debug|Any CPU
		{D0E08B6E-E9BE-4157-90EF-02896B9E92E6}.Ad-Hoc|x86.ActiveCfg = Debug|Any CPU
		{D0E08B6E-E9BE-4157-90EF-02896B9E92E6}.Ad-Hoc|x86.Build.0 = Debug|Any CPU
		{D0E08B6E-E9BE-4157-90EF-02896B9E92E6}.Ad-Hoc|x86.Deploy.0 = Debug|Any CPU
		{D0E08B6E-E9BE-4157-90EF-02896B9E92E6}.AppStore|Any CPU.ActiveCfg = Debug|Any CPU
		{D0E08B6E-E9BE-4157-90EF-02896B9E92E6}.AppStore|Any CPU.Build.0 = Debug|Any CPU
		{D0E08B6E-E9BE-4157-90EF-02896B9E92E6}.AppStore|Any CPU.Deploy.0 = Debug|Any CPU
		{D0E08B6E-E9BE-4157-90EF-02896B9E92E6}.AppStore|ARM.ActiveCfg = Debug|Any CPU
		{D0E08B6E-E9BE-4157-90EF-02896B9E92E6}.AppStore|ARM.Build.0 = Debug|Any CPU
		{D0E08B6E-E9BE-4157-90EF-02896B9E92E6}.AppStore|ARM.Deploy.0 = Debug|Any CPU
		{D0E08B6E-E9BE-4157-90EF-02896B9E92E6}.AppStore|iPhone.ActiveCfg = Debug|Any CPU
		{D0E08B6E-E9BE-4157-90EF-02896B9E92E6}.AppStore|iPhone.Build.0 = Debug|Any CPU
		{D0E08B6E-E9BE-4157-90EF-02896B9E92E6}.AppStore|iPhone.Deploy.0 = Debug|Any CPU
		{D0E08B6E-E9BE-4157-90EF-02896B9E92E6}.AppStore|iPhoneSimulator.ActiveCfg = Debug|Any CPU
		{D0E08B6E-E9BE-4157-90EF-02896B9E92E6}.AppStore|iPhoneSimulator.Build.0 = Debug|Any CPU
		{D0E08B6E-E9BE-4157-90EF-02896B9E92E6}.AppStore|iPhoneSimulator.Deploy.0 = Debug|Any CPU
		{D0E08B6E-E9BE-4157-90EF-02896B9E92E6}.AppStore|x64.ActiveCfg = Debug|Any CPU
		{D0E08B6E-E9BE-4157-90EF-02896B9E92E6}.AppStore|x64.Build.0 = Debug|Any CPU
		{D0E08B6E-E9BE-4157-90EF-02896B9E92E6}.AppStore|x64.Deploy.0 = Debug|Any CPU
		{D0E08B6E-E9BE-4157-90EF-02896B9E92E6}.AppStore|x86.ActiveCfg = Debug|Any CPU
		{D0E08B6E-E9BE-4157-90EF-02896B9E92E6}.AppStore|x86.Build.0 = Debug|Any CPU
		{D0E08B6E-E9BE-4157-90EF-02896B9E92E6}.AppStore|x86.Deploy.0 = Debug|Any CPU
		{D0E08B6E-E9BE-4157-90EF-02896B9E92E6}.Debug|Any CPU.ActiveCfg = Debug|Any CPU
		{D0E08B6E-E9BE-4157-90EF-02896B9E92E6}.Debug|Any CPU.Build.0 = Debug|Any CPU
		{D0E08B6E-E9BE-4157-90EF-02896B9E92E6}.Debug|Any CPU.Deploy.0 = Debug|Any CPU
		{D0E08B6E-E9BE-4157-90EF-02896B9E92E6}.Debug|ARM.ActiveCfg = Debug|Any CPU
		{D0E08B6E-E9BE-4157-90EF-02896B9E92E6}.Debug|ARM.Build.0 = Debug|Any CPU
		{D0E08B6E-E9BE-4157-90EF-02896B9E92E6}.Debug|ARM.Deploy.0 = Debug|Any CPU
		{D0E08B6E-E9BE-4157-90EF-02896B9E92E6}.Debug|iPhone.ActiveCfg = Debug|Any CPU
		{D0E08B6E-E9BE-4157-90EF-02896B9E92E6}.Debug|iPhone.Build.0 = Debug|Any CPU
		{D0E08B6E-E9BE-4157-90EF-02896B9E92E6}.Debug|iPhone.Deploy.0 = Debug|Any CPU
		{D0E08B6E-E9BE-4157-90EF-02896B9E92E6}.Debug|iPhoneSimulator.ActiveCfg = Debug|Any CPU
		{D0E08B6E-E9BE-4157-90EF-02896B9E92E6}.Debug|iPhoneSimulator.Build.0 = Debug|Any CPU
		{D0E08B6E-E9BE-4157-90EF-02896B9E92E6}.Debug|iPhoneSimulator.Deploy.0 = Debug|Any CPU
		{D0E08B6E-E9BE-4157-90EF-02896B9E92E6}.Debug|x64.ActiveCfg = Debug|Any CPU
		{D0E08B6E-E9BE-4157-90EF-02896B9E92E6}.Debug|x64.Build.0 = Debug|Any CPU
		{D0E08B6E-E9BE-4157-90EF-02896B9E92E6}.Debug|x64.Deploy.0 = Debug|Any CPU
		{D0E08B6E-E9BE-4157-90EF-02896B9E92E6}.Debug|x86.ActiveCfg = Debug|Any CPU
		{D0E08B6E-E9BE-4157-90EF-02896B9E92E6}.Debug|x86.Build.0 = Debug|Any CPU
		{D0E08B6E-E9BE-4157-90EF-02896B9E92E6}.Debug|x86.Deploy.0 = Debug|Any CPU
		{D0E08B6E-E9BE-4157-90EF-02896B9E92E6}.Release|Any CPU.ActiveCfg = Release|Any CPU
		{D0E08B6E-E9BE-4157-90EF-02896B9E92E6}.Release|Any CPU.Build.0 = Release|Any CPU
		{D0E08B6E-E9BE-4157-90EF-02896B9E92E6}.Release|Any CPU.Deploy.0 = Release|Any CPU
		{D0E08B6E-E9BE-4157-90EF-02896B9E92E6}.Release|ARM.ActiveCfg = Release|Any CPU
		{D0E08B6E-E9BE-4157-90EF-02896B9E92E6}.Release|ARM.Build.0 = Release|Any CPU
		{D0E08B6E-E9BE-4157-90EF-02896B9E92E6}.Release|ARM.Deploy.0 = Release|Any CPU
		{D0E08B6E-E9BE-4157-90EF-02896B9E92E6}.Release|iPhone.ActiveCfg = Release|Any CPU
		{D0E08B6E-E9BE-4157-90EF-02896B9E92E6}.Release|iPhone.Build.0 = Release|Any CPU
		{D0E08B6E-E9BE-4157-90EF-02896B9E92E6}.Release|iPhone.Deploy.0 = Release|Any CPU
		{D0E08B6E-E9BE-4157-90EF-02896B9E92E6}.Release|iPhoneSimulator.ActiveCfg = Release|Any CPU
		{D0E08B6E-E9BE-4157-90EF-02896B9E92E6}.Release|iPhoneSimulator.Build.0 = Release|Any CPU
		{D0E08B6E-E9BE-4157-90EF-02896B9E92E6}.Release|iPhoneSimulator.Deploy.0 = Release|Any CPU
		{D0E08B6E-E9BE-4157-90EF-02896B9E92E6}.Release|x64.ActiveCfg = Release|Any CPU
		{D0E08B6E-E9BE-4157-90EF-02896B9E92E6}.Release|x64.Build.0 = Release|Any CPU
		{D0E08B6E-E9BE-4157-90EF-02896B9E92E6}.Release|x64.Deploy.0 = Release|Any CPU
		{D0E08B6E-E9BE-4157-90EF-02896B9E92E6}.Release|x86.ActiveCfg = Release|Any CPU
		{D0E08B6E-E9BE-4157-90EF-02896B9E92E6}.Release|x86.Build.0 = Release|Any CPU
		{D0E08B6E-E9BE-4157-90EF-02896B9E92E6}.Release|x86.Deploy.0 = Release|Any CPU
	EndGlobalSection
	GlobalSection(SolutionProperties) = preSolution
		HideSolutionNode = FALSE
	EndGlobalSection
	GlobalSection(ExtensibilityGlobals) = postSolution
		SolutionGuid = {F92A9335-F1E3-407C-9545-A7AA01B20C15}
	EndGlobalSection
EndGlobal
