
Microsoft Visual Studio Solution File, Format Version 12.00
# Visual Studio Version 16
VisualStudioVersion = 16.0.29926.136
MinimumVisualStudioVersion = 10.0.40219.1
Project("{FAE04EC0-301F-11D3-BF4B-00C04F79EFBC}") = "DoitDoit.Android", "DoitDoit\DoitDoit.Android\DoitDoit.Android.csproj", "{B9EA914A-CB23-435C-B7A3-67D50D0B8EAC}"
EndProject
Project("{FAE04EC0-301F-11D3-BF4B-00C04F79EFBC}") = "DoitDoit.iOS", "DoitDoit\DoitDoit.iOS\DoitDoit.iOS.csproj", "{35DE92CE-539E-4A62-B631-DD2EE6F623EB}"
EndProject
Project("{9A19103F-16F7-4668-BE54-9A1E7A4F7556}") = "DoitDoit", "DoitDoit\DoitDoit\DoitDoit.csproj", "{598A8B7B-D6C6-4F2E-B55F-E6F75D1B1102}"
EndProject
Global
	GlobalSection(SolutionConfigurationPlatforms) = preSolution
		Debug|Any CPU = Debug|Any CPU
		Debug|iPhone = Debug|iPhone
		Debug|iPhoneSimulator = Debug|iPhoneSimulator
		Release|Any CPU = Release|Any CPU
		Release|iPhone = Release|iPhone
		Release|iPhoneSimulator = Release|iPhoneSimulator
	EndGlobalSection
	GlobalSection(ProjectConfigurationPlatforms) = postSolution
		{B9EA914A-CB23-435C-B7A3-67D50D0B8EAC}.Debug|Any CPU.ActiveCfg = Debug|Any CPU
		{B9EA914A-CB23-435C-B7A3-67D50D0B8EAC}.Debug|Any CPU.Build.0 = Debug|Any CPU
		{B9EA914A-CB23-435C-B7A3-67D50D0B8EAC}.Debug|Any CPU.Deploy.0 = Debug|Any CPU
		{B9EA914A-CB23-435C-B7A3-67D50D0B8EAC}.Debug|iPhone.ActiveCfg = Debug|Any CPU
		{B9EA914A-CB23-435C-B7A3-67D50D0B8EAC}.Debug|iPhone.Build.0 = Debug|Any CPU
		{B9EA914A-CB23-435C-B7A3-67D50D0B8EAC}.Debug|iPhone.Deploy.0 = Debug|Any CPU
		{B9EA914A-CB23-435C-B7A3-67D50D0B8EAC}.Debug|iPhoneSimulator.ActiveCfg = Debug|Any CPU
		{B9EA914A-CB23-435C-B7A3-67D50D0B8EAC}.Debug|iPhoneSimulator.Build.0 = Debug|Any CPU
		{B9EA914A-CB23-435C-B7A3-67D50D0B8EAC}.Debug|iPhoneSimulator.Deploy.0 = Debug|Any CPU
		{B9EA914A-CB23-435C-B7A3-67D50D0B8EAC}.Release|Any CPU.ActiveCfg = Release|Any CPU
		{B9EA914A-CB23-435C-B7A3-67D50D0B8EAC}.Release|Any CPU.Build.0 = Release|Any CPU
		{B9EA914A-CB23-435C-B7A3-67D50D0B8EAC}.Release|Any CPU.Deploy.0 = Release|Any CPU
		{B9EA914A-CB23-435C-B7A3-67D50D0B8EAC}.Release|iPhone.ActiveCfg = Release|Any CPU
		{B9EA914A-CB23-435C-B7A3-67D50D0B8EAC}.Release|iPhone.Build.0 = Release|Any CPU
		{B9EA914A-CB23-435C-B7A3-67D50D0B8EAC}.Release|iPhone.Deploy.0 = Release|Any CPU
		{B9EA914A-CB23-435C-B7A3-67D50D0B8EAC}.Release|iPhoneSimulator.ActiveCfg = Release|Any CPU
		{B9EA914A-CB23-435C-B7A3-67D50D0B8EAC}.Release|iPhoneSimulator.Build.0 = Release|Any CPU
		{B9EA914A-CB23-435C-B7A3-67D50D0B8EAC}.Release|iPhoneSimulator.Deploy.0 = Release|Any CPU
		{35DE92CE-539E-4A62-B631-DD2EE6F623EB}.Debug|Any CPU.ActiveCfg = Debug|iPhone
		{35DE92CE-539E-4A62-B631-DD2EE6F623EB}.Debug|Any CPU.Build.0 = Debug|iPhone
		{35DE92CE-539E-4A62-B631-DD2EE6F623EB}.Debug|Any CPU.Deploy.0 = Debug|iPhone
		{35DE92CE-539E-4A62-B631-DD2EE6F623EB}.Debug|iPhone.ActiveCfg = Debug|iPhone
		{35DE92CE-539E-4A62-B631-DD2EE6F623EB}.Debug|iPhone.Build.0 = Debug|iPhone
		{35DE92CE-539E-4A62-B631-DD2EE6F623EB}.Debug|iPhone.Deploy.0 = Debug|iPhone
		{35DE92CE-539E-4A62-B631-DD2EE6F623EB}.Debug|iPhoneSimulator.ActiveCfg = Debug|iPhoneSimulator
		{35DE92CE-539E-4A62-B631-DD2EE6F623EB}.Debug|iPhoneSimulator.Build.0 = Debug|iPhoneSimulator
		{35DE92CE-539E-4A62-B631-DD2EE6F623EB}.Debug|iPhoneSimulator.Deploy.0 = Debug|iPhoneSimulator
		{35DE92CE-539E-4A62-B631-DD2EE6F623EB}.Release|Any CPU.ActiveCfg = Release|iPhone
		{35DE92CE-539E-4A62-B631-DD2EE6F623EB}.Release|Any CPU.Build.0 = Release|iPhone
		{35DE92CE-539E-4A62-B631-DD2EE6F623EB}.Release|Any CPU.Deploy.0 = Release|iPhone
		{35DE92CE-539E-4A62-B631-DD2EE6F623EB}.Release|iPhone.ActiveCfg = Release|iPhone
		{35DE92CE-539E-4A62-B631-DD2EE6F623EB}.Release|iPhone.Build.0 = Release|iPhone
		{35DE92CE-539E-4A62-B631-DD2EE6F623EB}.Release|iPhone.Deploy.0 = Release|iPhone
		{35DE92CE-539E-4A62-B631-DD2EE6F623EB}.Release|iPhoneSimulator.ActiveCfg = Release|iPhoneSimulator
		{35DE92CE-539E-4A62-B631-DD2EE6F623EB}.Release|iPhoneSimulator.Build.0 = Release|iPhoneSimulator
		{35DE92CE-539E-4A62-B631-DD2EE6F623EB}.Release|iPhoneSimulator.Deploy.0 = Release|iPhoneSimulator
		{598A8B7B-D6C6-4F2E-B55F-E6F75D1B1102}.Debug|Any CPU.ActiveCfg = Debug|Any CPU
		{598A8B7B-D6C6-4F2E-B55F-E6F75D1B1102}.Debug|Any CPU.Build.0 = Debug|Any CPU
		{598A8B7B-D6C6-4F2E-B55F-E6F75D1B1102}.Debug|Any CPU.Deploy.0 = Debug|Any CPU
		{598A8B7B-D6C6-4F2E-B55F-E6F75D1B1102}.Debug|iPhone.ActiveCfg = Debug|Any CPU
		{598A8B7B-D6C6-4F2E-B55F-E6F75D1B1102}.Debug|iPhone.Build.0 = Debug|Any CPU
		{598A8B7B-D6C6-4F2E-B55F-E6F75D1B1102}.Debug|iPhone.Deploy.0 = Debug|Any CPU
		{598A8B7B-D6C6-4F2E-B55F-E6F75D1B1102}.Debug|iPhoneSimulator.ActiveCfg = Debug|Any CPU
		{598A8B7B-D6C6-4F2E-B55F-E6F75D1B1102}.Debug|iPhoneSimulator.Build.0 = Debug|Any CPU
		{598A8B7B-D6C6-4F2E-B55F-E6F75D1B1102}.Debug|iPhoneSimulator.Deploy.0 = Debug|Any CPU
		{598A8B7B-D6C6-4F2E-B55F-E6F75D1B1102}.Release|Any CPU.ActiveCfg = Release|Any CPU
		{598A8B7B-D6C6-4F2E-B55F-E6F75D1B1102}.Release|Any CPU.Build.0 = Release|Any CPU
		{598A8B7B-D6C6-4F2E-B55F-E6F75D1B1102}.Release|Any CPU.Deploy.0 = Release|Any CPU
		{598A8B7B-D6C6-4F2E-B55F-E6F75D1B1102}.Release|iPhone.ActiveCfg = Release|Any CPU
		{598A8B7B-D6C6-4F2E-B55F-E6F75D1B1102}.Release|iPhone.Build.0 = Release|Any CPU
		{598A8B7B-D6C6-4F2E-B55F-E6F75D1B1102}.Release|iPhone.Deploy.0 = Release|Any CPU
		{598A8B7B-D6C6-4F2E-B55F-E6F75D1B1102}.Release|iPhoneSimulator.ActiveCfg = Release|Any CPU
		{598A8B7B-D6C6-4F2E-B55F-E6F75D1B1102}.Release|iPhoneSimulator.Build.0 = Release|Any CPU
		{598A8B7B-D6C6-4F2E-B55F-E6F75D1B1102}.Release|iPhoneSimulator.Deploy.0 = Release|Any CPU
	EndGlobalSection
	GlobalSection(SolutionProperties) = preSolution
		HideSolutionNode = FALSE
	EndGlobalSection
	GlobalSection(ExtensibilityGlobals) = postSolution
		SolutionGuid = {A4B6D14E-B754-4659-B81D-FC03FCE45F34}
	EndGlobalSection
EndGlobal
